
Microsoft Visual Studio Solution File, Format Version 12.00
# Visual Studio Version 17
VisualStudioVersion = 17.2.32526.322
MinimumVisualStudioVersion = 10.0.40219.1
Project("{FAE04EC0-301F-11D3-BF4B-00C04F79EFBC}") = "crud-employee", "crud-employee.csproj", "{7D9B2805-CF0A-46BE-AC80-D62160F6EB2A}"
EndProject
Global
	GlobalSection(SolutionConfigurationPlatforms) = preSolution
		Debug|Any CPU = Debug|Any CPU
		Release|Any CPU = Release|Any CPU
	EndGlobalSection
	GlobalSection(ProjectConfigurationPlatforms) = postSolution
		{7D9B2805-CF0A-46BE-AC80-D62160F6EB2A}.Debug|Any CPU.ActiveCfg = Debug|Any CPU
		{7D9B2805-CF0A-46BE-AC80-D62160F6EB2A}.Debug|Any CPU.Build.0 = Debug|Any CPU
		{7D9B2805-CF0A-46BE-AC80-D62160F6EB2A}.Release|Any CPU.ActiveCfg = Release|Any CPU
		{7D9B2805-CF0A-46BE-AC80-D62160F6EB2A}.Release|Any CPU.Build.0 = Release|Any CPU
	EndGlobalSection
	GlobalSection(SolutionProperties) = preSolution
		HideSolutionNode = FALSE
	EndGlobalSection
	GlobalSection(ExtensibilityGlobals) = postSolution
		SolutionGuid = {139DF99E-365C-498F-A53D-13F9BE0FA230}
	EndGlobalSection
EndGlobal
